# This file is automatically @generated by Cargo.
# It is not intended for manual editing.
[[package]]
name = "downcast-rs"
version = "1.0.4"
source = "registry+https://github.com/rust-lang/crates.io-index"

[[package]]
name = "ganache"
version = "0.1.1"
dependencies = [
 "downcast-rs 1.0.4 (registry+https://github.com/rust-lang/crates.io-index)",
]

[metadata]
"checksum downcast-rs 1.0.4 (registry+https://github.com/rust-lang/crates.io-index)" = "f2b92dfd5c2f75260cbf750572f95d387e7ca0ba5e3fbe9e1a33f23025be020f"
